
Microsoft Visual Studio Solution File, Format Version 12.00
# Visual Studio Version 17
VisualStudioVersion = 17.6.33815.320
MinimumVisualStudioVersion = 10.0.40219.1
Project("{9A19103F-16F7-4668-BE54-9A1E7A4F7556}") = "Mined", "Mined.csproj", "{4108BEDE-C606-4C68-8C03-F93C29D18F46}"
EndProject
Project("{9A19103F-16F7-4668-BE54-9A1E7A4F7556}") = "Mined.DataAccess", "..\Mined.DataAccess\Mined.DataAccess.csproj", "{FC5CF0BD-2AFE-4938-987F-0132F17C3ABB}"
EndProject
Project("{9A19103F-16F7-4668-BE54-9A1E7A4F7556}") = "Mined.Models", "..\Mined.Models\Mined.Models.csproj", "{FA820C36-D15C-410F-96A7-E2044C54F70C}"
EndProject
Project("{9A19103F-16F7-4668-BE54-9A1E7A4F7556}") = "Mined.Utility", "..\Mined.Utility\Mined.Utility.csproj", "{82920C41-5689-4196-BE89-BE9A8C5AE390}"
EndProject
Global
	GlobalSection(SolutionConfigurationPlatforms) = preSolution
		Debug|Any CPU = Debug|Any CPU
		Release|Any CPU = Release|Any CPU
	EndGlobalSection
	GlobalSection(ProjectConfigurationPlatforms) = postSolution
		{4108BEDE-C606-4C68-8C03-F93C29D18F46}.Debug|Any CPU.ActiveCfg = Debug|Any CPU
		{4108BEDE-C606-4C68-8C03-F93C29D18F46}.Debug|Any CPU.Build.0 = Debug|Any CPU
		{4108BEDE-C606-4C68-8C03-F93C29D18F46}.Release|Any CPU.ActiveCfg = Release|Any CPU
		{4108BEDE-C606-4C68-8C03-F93C29D18F46}.Release|Any CPU.Build.0 = Release|Any CPU
		{FC5CF0BD-2AFE-4938-987F-0132F17C3ABB}.Debug|Any CPU.ActiveCfg = Debug|Any CPU
		{FC5CF0BD-2AFE-4938-987F-0132F17C3ABB}.Debug|Any CPU.Build.0 = Debug|Any CPU
		{FC5CF0BD-2AFE-4938-987F-0132F17C3ABB}.Release|Any CPU.ActiveCfg = Release|Any CPU
		{FC5CF0BD-2AFE-4938-987F-0132F17C3ABB}.Release|Any CPU.Build.0 = Release|Any CPU
		{FA820C36-D15C-410F-96A7-E2044C54F70C}.Debug|Any CPU.ActiveCfg = Debug|Any CPU
		{FA820C36-D15C-410F-96A7-E2044C54F70C}.Debug|Any CPU.Build.0 = Debug|Any CPU
		{FA820C36-D15C-410F-96A7-E2044C54F70C}.Release|Any CPU.ActiveCfg = Release|Any CPU
		{FA820C36-D15C-410F-96A7-E2044C54F70C}.Release|Any CPU.Build.0 = Release|Any CPU
		{82920C41-5689-4196-BE89-BE9A8C5AE390}.Debug|Any CPU.ActiveCfg = Debug|Any CPU
		{82920C41-5689-4196-BE89-BE9A8C5AE390}.Debug|Any CPU.Build.0 = Debug|Any CPU
		{82920C41-5689-4196-BE89-BE9A8C5AE390}.Release|Any CPU.ActiveCfg = Release|Any CPU
		{82920C41-5689-4196-BE89-BE9A8C5AE390}.Release|Any CPU.Build.0 = Release|Any CPU
	EndGlobalSection
	GlobalSection(SolutionProperties) = preSolution
		HideSolutionNode = FALSE
	EndGlobalSection
	GlobalSection(ExtensibilityGlobals) = postSolution
		SolutionGuid = {95C902C6-EB90-4B8C-8BA7-1A7D12A5BC5E}
	EndGlobalSection
EndGlobal
